
Microsoft Visual Studio Solution File, Format Version 12.00
# Visual Studio 2012
Project("{FAE04EC0-301F-11D3-BF4B-00C04F79EFBC}") = "AshAnil.FinPlanner", "AshAnil.FinPlanner\AshAnil.FinPlanner.csproj", "{D4B100FE-2ED7-470E-A871-512AE26C093E}"
	ProjectSection(ProjectDependencies) = postProject
		{B3EDAC1C-E54F-4123-BB64-401C89082DC7} = {B3EDAC1C-E54F-4123-BB64-401C89082DC7}
	EndProjectSection
EndProject
Project("{FAE04EC0-301F-11D3-BF4B-00C04F79EFBC}") = "AshAnil.FinPlanner.BusinessObjects", "AshAnil.FinPlanner.BusinessObjects\AshAnil.FinPlanner.BusinessObjects.csproj", "{BA370710-A6C5-48DE-9121-B9C89B29F58F}"
EndProject
Project("{FAE04EC0-301F-11D3-BF4B-00C04F79EFBC}") = "AshAnil.FinPlanner.DBInfrastructure", "AshAnil.FinPlanner.DBInfrastructure\AshAnil.FinPlanner.DBInfrastructure.csproj", "{F7A647F5-FF2D-46C1-864A-23CDD1E512E9}"
EndProject
Project("{FAE04EC0-301F-11D3-BF4B-00C04F79EFBC}") = "AshAnil.FinPlanner.Infrastructure", "AshAnil.FinPlanner.Infrastructure\AshAnil.FinPlanner.Infrastructure.csproj", "{6C0D51AB-9963-44DF-B8A5-4A7B43AF1AED}"
EndProject
Project("{FAE04EC0-301F-11D3-BF4B-00C04F79EFBC}") = "AshAnil.MetroStyleControls", "AshAnil.MetroStyleControls\AshAnil.MetroStyleControls.csproj", "{B3EDAC1C-E54F-4123-BB64-401C89082DC7}"
EndProject
Project("{FAE04EC0-301F-11D3-BF4B-00C04F79EFBC}") = "AshAnil.FinPlanner.DBResources", "AshAnil.FinPlanner.DBResources\AshAnil.FinPlanner.DBResources.csproj", "{8BCEBB7A-CECE-4FED-81A1-EC6FA47E2ED3}"
EndProject
Global
	GlobalSection(SolutionConfigurationPlatforms) = preSolution
		Debug|Any CPU = Debug|Any CPU
		Release|Any CPU = Release|Any CPU
	EndGlobalSection
	GlobalSection(ProjectConfigurationPlatforms) = postSolution
		{D4B100FE-2ED7-470E-A871-512AE26C093E}.Debug|Any CPU.ActiveCfg = Debug|Any CPU
		{D4B100FE-2ED7-470E-A871-512AE26C093E}.Debug|Any CPU.Build.0 = Debug|Any CPU
		{D4B100FE-2ED7-470E-A871-512AE26C093E}.Release|Any CPU.ActiveCfg = Release|Any CPU
		{D4B100FE-2ED7-470E-A871-512AE26C093E}.Release|Any CPU.Build.0 = Release|Any CPU
		{BA370710-A6C5-48DE-9121-B9C89B29F58F}.Debug|Any CPU.ActiveCfg = Debug|Any CPU
		{BA370710-A6C5-48DE-9121-B9C89B29F58F}.Debug|Any CPU.Build.0 = Debug|Any CPU
		{BA370710-A6C5-48DE-9121-B9C89B29F58F}.Release|Any CPU.ActiveCfg = Release|Any CPU
		{BA370710-A6C5-48DE-9121-B9C89B29F58F}.Release|Any CPU.Build.0 = Release|Any CPU
		{F7A647F5-FF2D-46C1-864A-23CDD1E512E9}.Debug|Any CPU.ActiveCfg = Debug|Any CPU
		{F7A647F5-FF2D-46C1-864A-23CDD1E512E9}.Debug|Any CPU.Build.0 = Debug|Any CPU
		{F7A647F5-FF2D-46C1-864A-23CDD1E512E9}.Release|Any CPU.ActiveCfg = Release|Any CPU
		{F7A647F5-FF2D-46C1-864A-23CDD1E512E9}.Release|Any CPU.Build.0 = Release|Any CPU
		{6C0D51AB-9963-44DF-B8A5-4A7B43AF1AED}.Debug|Any CPU.ActiveCfg = Debug|Any CPU
		{6C0D51AB-9963-44DF-B8A5-4A7B43AF1AED}.Debug|Any CPU.Build.0 = Debug|Any CPU
		{6C0D51AB-9963-44DF-B8A5-4A7B43AF1AED}.Release|Any CPU.ActiveCfg = Release|Any CPU
		{6C0D51AB-9963-44DF-B8A5-4A7B43AF1AED}.Release|Any CPU.Build.0 = Release|Any CPU
		{B3EDAC1C-E54F-4123-BB64-401C89082DC7}.Debug|Any CPU.ActiveCfg = Debug|Any CPU
		{B3EDAC1C-E54F-4123-BB64-401C89082DC7}.Debug|Any CPU.Build.0 = Debug|Any CPU
		{B3EDAC1C-E54F-4123-BB64-401C89082DC7}.Release|Any CPU.ActiveCfg = Release|Any CPU
		{B3EDAC1C-E54F-4123-BB64-401C89082DC7}.Release|Any CPU.Build.0 = Release|Any CPU
		{8BCEBB7A-CECE-4FED-81A1-EC6FA47E2ED3}.Debug|Any CPU.ActiveCfg = Debug|Any CPU
		{8BCEBB7A-CECE-4FED-81A1-EC6FA47E2ED3}.Debug|Any CPU.Build.0 = Debug|Any CPU
		{8BCEBB7A-CECE-4FED-81A1-EC6FA47E2ED3}.Release|Any CPU.ActiveCfg = Release|Any CPU
		{8BCEBB7A-CECE-4FED-81A1-EC6FA47E2ED3}.Release|Any CPU.Build.0 = Release|Any CPU
	EndGlobalSection
	GlobalSection(SolutionProperties) = preSolution
		HideSolutionNode = FALSE
	EndGlobalSection
EndGlobal
